
Microsoft Visual Studio Solution File, Format Version 12.00
# Visual Studio Version 17
VisualStudioVersion = 17.1.32228.430
MinimumVisualStudioVersion = 10.0.40219.1
Project("{D954291E-2A0B-460D-934E-DC6B0785DB48}") = "POSUNO.Shared", "POSUNO\POSUNO.Shared\POSUNO.Shared.shproj", "{6279C845-92F8-4333-AB99-3D213163593C}"
EndProject
Project("{2150E333-8FDC-42A3-9474-1A3956D46DE8}") = "Platforms", "Platforms", "{9C4E4F98-5D5C-46BE-BE36-DA1A6B0BF203}"
EndProject
Project("{9A19103F-16F7-4668-BE54-9A1E7A4F7556}") = "POSUNO.Mobile", "POSUNO\POSUNO.Mobile\POSUNO.Mobile.csproj", "{C9C35334-F950-41DF-8EC1-66A556418673}"
EndProject
Project("{FAE04EC0-301F-11D3-BF4B-00C04F79EFBC}") = "POSUNO.UWP", "POSUNO\POSUNO.UWP\POSUNO.UWP.csproj", "{1460917F-CF9C-4FFD-801A-897F8F224E97}"
EndProject
Project("{9A19103F-16F7-4668-BE54-9A1E7A4F7556}") = "POSUNO.Wasm", "POSUNO\POSUNO.Wasm\POSUNO.Wasm.csproj", "{DDF093D3-2242-4A43-99E6-CBC9A56A4376}"
EndProject
Project("{9A19103F-16F7-4668-BE54-9A1E7A4F7556}") = "POSUNO.Skia.Wpf.Host", "POSUNO\POSUNO.Skia.Wpf.Host\POSUNO.Skia.Wpf.Host.csproj", "{BFAFC6DF-03E7-43CA-A535-CA8A92422466}"
EndProject
Project("{9A19103F-16F7-4668-BE54-9A1E7A4F7556}") = "POSUNO.Skia.Wpf", "POSUNO\POSUNO.Skia.Wpf\POSUNO.Skia.Wpf.csproj", "{B11EA922-AD45-4546-A510-ADCCC0720FD4}"
EndProject
Project("{9A19103F-16F7-4668-BE54-9A1E7A4F7556}") = "POSUNO.Skia.Gtk", "POSUNO\POSUNO.Skia.Gtk\POSUNO.Skia.Gtk.csproj", "{C0B3BF96-EBF6-4F89-81A6-E5BC943D127F}"
EndProject
Project("{FAE04EC0-301F-11D3-BF4B-00C04F79EFBC}") = "POSUNO.api", "POSUNO.api\POSUNO.api.csproj", "{DF17E0FC-F79C-4722-A8F8-E5324A967C8B}"
EndProject
Global
	GlobalSection(SharedMSBuildProjectFiles) = preSolution
		POSUNO\POSUNO.Shared\POSUNO.Shared.projitems*{1460917f-cf9c-4ffd-801a-897f8f224e97}*SharedItemsImports = 4
		POSUNO\POSUNO.Shared\POSUNO.Shared.projitems*{6279c845-92f8-4333-ab99-3d213163593c}*SharedItemsImports = 13
		POSUNO\POSUNO.Shared\POSUNO.Shared.projitems*{b11ea922-ad45-4546-a510-adccc0720fd4}*SharedItemsImports = 5
		POSUNO\POSUNO.Shared\POSUNO.Shared.projitems*{c0b3bf96-ebf6-4f89-81a6-e5bc943d127f}*SharedItemsImports = 5
		POSUNO\POSUNO.Shared\POSUNO.Shared.projitems*{c9c35334-f950-41df-8ec1-66a556418673}*SharedItemsImports = 5
		POSUNO\POSUNO.Shared\POSUNO.Shared.projitems*{ddf093d3-2242-4a43-99e6-cbc9a56a4376}*SharedItemsImports = 5
	EndGlobalSection
	GlobalSection(SolutionConfigurationPlatforms) = preSolution
		Debug|Any CPU = Debug|Any CPU
		Debug|ARM = Debug|ARM
		Debug|ARM64 = Debug|ARM64
		Debug|x64 = Debug|x64
		Debug|x86 = Debug|x86
		Release|Any CPU = Release|Any CPU
		Release|ARM = Release|ARM
		Release|ARM64 = Release|ARM64
		Release|x64 = Release|x64
		Release|x86 = Release|x86
	EndGlobalSection
	GlobalSection(ProjectConfigurationPlatforms) = postSolution
		{C9C35334-F950-41DF-8EC1-66A556418673}.Debug|Any CPU.ActiveCfg = Debug|Any CPU
		{C9C35334-F950-41DF-8EC1-66A556418673}.Debug|Any CPU.Build.0 = Debug|Any CPU
		{C9C35334-F950-41DF-8EC1-66A556418673}.Debug|ARM.ActiveCfg = Debug|Any CPU
		{C9C35334-F950-41DF-8EC1-66A556418673}.Debug|ARM.Build.0 = Debug|Any CPU
		{C9C35334-F950-41DF-8EC1-66A556418673}.Debug|ARM64.ActiveCfg = Debug|Any CPU
		{C9C35334-F950-41DF-8EC1-66A556418673}.Debug|ARM64.Build.0 = Debug|Any CPU
		{C9C35334-F950-41DF-8EC1-66A556418673}.Debug|x64.ActiveCfg = Debug|Any CPU
		{C9C35334-F950-41DF-8EC1-66A556418673}.Debug|x64.Build.0 = Debug|Any CPU
		{C9C35334-F950-41DF-8EC1-66A556418673}.Debug|x86.ActiveCfg = Debug|Any CPU
		{C9C35334-F950-41DF-8EC1-66A556418673}.Debug|x86.Build.0 = Debug|Any CPU
		{C9C35334-F950-41DF-8EC1-66A556418673}.Release|Any CPU.ActiveCfg = Release|Any CPU
		{C9C35334-F950-41DF-8EC1-66A556418673}.Release|Any CPU.Build.0 = Release|Any CPU
		{C9C35334-F950-41DF-8EC1-66A556418673}.Release|ARM.ActiveCfg = Release|Any CPU
		{C9C35334-F950-41DF-8EC1-66A556418673}.Release|ARM.Build.0 = Release|Any CPU
		{C9C35334-F950-41DF-8EC1-66A556418673}.Release|ARM64.ActiveCfg = Release|Any CPU
		{C9C35334-F950-41DF-8EC1-66A556418673}.Release|ARM64.Build.0 = Release|Any CPU
		{C9C35334-F950-41DF-8EC1-66A556418673}.Release|x64.ActiveCfg = Release|Any CPU
		{C9C35334-F950-41DF-8EC1-66A556418673}.Release|x64.Build.0 = Release|Any CPU
		{C9C35334-F950-41DF-8EC1-66A556418673}.Release|x86.ActiveCfg = Release|Any CPU
		{C9C35334-F950-41DF-8EC1-66A556418673}.Release|x86.Build.0 = Release|Any CPU
		{1460917F-CF9C-4FFD-801A-897F8F224E97}.Debug|Any CPU.ActiveCfg = Debug|x64
		{1460917F-CF9C-4FFD-801A-897F8F224E97}.Debug|Any CPU.Build.0 = Debug|x64
		{1460917F-CF9C-4FFD-801A-897F8F224E97}.Debug|Any CPU.Deploy.0 = Debug|x64
		{1460917F-CF9C-4FFD-801A-897F8F224E97}.Debug|ARM.ActiveCfg = Debug|ARM
		{1460917F-CF9C-4FFD-801A-897F8F224E97}.Debug|ARM.Build.0 = Debug|ARM
		{1460917F-CF9C-4FFD-801A-897F8F224E97}.Debug|ARM.Deploy.0 = Debug|ARM
		{1460917F-CF9C-4FFD-801A-897F8F224E97}.Debug|ARM64.ActiveCfg = Debug|ARM64
		{1460917F-CF9C-4FFD-801A-897F8F224E97}.Debug|ARM64.Build.0 = Debug|ARM64
		{1460917F-CF9C-4FFD-801A-897F8F224E97}.Debug|ARM64.Deploy.0 = Debug|ARM64
		{1460917F-CF9C-4FFD-801A-897F8F224E97}.Debug|x64.ActiveCfg = Debug|x64
		{1460917F-CF9C-4FFD-801A-897F8F224E97}.Debug|x64.Build.0 = Debug|x64
		{1460917F-CF9C-4FFD-801A-897F8F224E97}.Debug|x64.Deploy.0 = Debug|x64
		{1460917F-CF9C-4FFD-801A-897F8F224E97}.Debug|x86.ActiveCfg = Debug|x86
		{1460917F-CF9C-4FFD-801A-897F8F224E97}.Debug|x86.Build.0 = Debug|x86
		{1460917F-CF9C-4FFD-801A-897F8F224E97}.Debug|x86.Deploy.0 = Debug|x86
		{1460917F-CF9C-4FFD-801A-897F8F224E97}.Release|Any CPU.ActiveCfg = Release|x64
		{1460917F-CF9C-4FFD-801A-897F8F224E97}.Release|Any CPU.Build.0 = Release|x64
		{1460917F-CF9C-4FFD-801A-897F8F224E97}.Release|Any CPU.Deploy.0 = Release|x64
		{1460917F-CF9C-4FFD-801A-897F8F224E97}.Release|ARM.ActiveCfg = Release|ARM
		{1460917F-CF9C-4FFD-801A-897F8F224E97}.Release|ARM.Build.0 = Release|ARM
		{1460917F-CF9C-4FFD-801A-897F8F224E97}.Release|ARM.Deploy.0 = Release|ARM
		{1460917F-CF9C-4FFD-801A-897F8F224E97}.Release|ARM64.ActiveCfg = Release|ARM64
		{1460917F-CF9C-4FFD-801A-897F8F224E97}.Release|ARM64.Build.0 = Release|ARM64
		{1460917F-CF9C-4FFD-801A-897F8F224E97}.Release|ARM64.Deploy.0 = Release|ARM64
		{1460917F-CF9C-4FFD-801A-897F8F224E97}.Release|x64.ActiveCfg = Release|x64
		{1460917F-CF9C-4FFD-801A-897F8F224E97}.Release|x64.Build.0 = Release|x64
		{1460917F-CF9C-4FFD-801A-897F8F224E97}.Release|x64.Deploy.0 = Release|x64
		{1460917F-CF9C-4FFD-801A-897F8F224E97}.Release|x86.ActiveCfg = Release|x86
		{1460917F-CF9C-4FFD-801A-897F8F224E97}.Release|x86.Build.0 = Release|x86
		{1460917F-CF9C-4FFD-801A-897F8F224E97}.Release|x86.Deploy.0 = Release|x86
		{DDF093D3-2242-4A43-99E6-CBC9A56A4376}.Debug|Any CPU.ActiveCfg = Debug|Any CPU
		{DDF093D3-2242-4A43-99E6-CBC9A56A4376}.Debug|Any CPU.Build.0 = Debug|Any CPU
		{DDF093D3-2242-4A43-99E6-CBC9A56A4376}.Debug|ARM.ActiveCfg = Debug|Any CPU
		{DDF093D3-2242-4A43-99E6-CBC9A56A4376}.Debug|ARM.Build.0 = Debug|Any CPU
		{DDF093D3-2242-4A43-99E6-CBC9A56A4376}.Debug|ARM64.ActiveCfg = Debug|Any CPU
		{DDF093D3-2242-4A43-99E6-CBC9A56A4376}.Debug|ARM64.Build.0 = Debug|Any CPU
		{DDF093D3-2242-4A43-99E6-CBC9A56A4376}.Debug|x64.ActiveCfg = Debug|Any CPU
		{DDF093D3-2242-4A43-99E6-CBC9A56A4376}.Debug|x64.Build.0 = Debug|Any CPU
		{DDF093D3-2242-4A43-99E6-CBC9A56A4376}.Debug|x86.ActiveCfg = Debug|Any CPU
		{DDF093D3-2242-4A43-99E6-CBC9A56A4376}.Debug|x86.Build.0 = Debug|Any CPU
		{DDF093D3-2242-4A43-99E6-CBC9A56A4376}.Release|Any CPU.ActiveCfg = Release|Any CPU
		{DDF093D3-2242-4A43-99E6-CBC9A56A4376}.Release|Any CPU.Build.0 = Release|Any CPU
		{DDF093D3-2242-4A43-99E6-CBC9A56A4376}.Release|ARM.ActiveCfg = Release|Any CPU
		{DDF093D3-2242-4A43-99E6-CBC9A56A4376}.Release|ARM.Build.0 = Release|Any CPU
		{DDF093D3-2242-4A43-99E6-CBC9A56A4376}.Release|ARM64.ActiveCfg = Release|Any CPU
		{DDF093D3-2242-4A43-99E6-CBC9A56A4376}.Release|ARM64.Build.0 = Release|Any CPU
		{DDF093D3-2242-4A43-99E6-CBC9A56A4376}.Release|x64.ActiveCfg = Release|Any CPU
		{DDF093D3-2242-4A43-99E6-CBC9A56A4376}.Release|x64.Build.0 = Release|Any CPU
		{DDF093D3-2242-4A43-99E6-CBC9A56A4376}.Release|x86.ActiveCfg = Release|Any CPU
		{DDF093D3-2242-4A43-99E6-CBC9A56A4376}.Release|x86.Build.0 = Release|Any CPU
		{BFAFC6DF-03E7-43CA-A535-CA8A92422466}.Debug|Any CPU.ActiveCfg = Debug|Any CPU
		{BFAFC6DF-03E7-43CA-A535-CA8A92422466}.Debug|Any CPU.Build.0 = Debug|Any CPU
		{BFAFC6DF-03E7-43CA-A535-CA8A92422466}.Debug|ARM.ActiveCfg = Debug|Any CPU
		{BFAFC6DF-03E7-43CA-A535-CA8A92422466}.Debug|ARM.Build.0 = Debug|Any CPU
		{BFAFC6DF-03E7-43CA-A535-CA8A92422466}.Debug|ARM64.ActiveCfg = Debug|Any CPU
		{BFAFC6DF-03E7-43CA-A535-CA8A92422466}.Debug|ARM64.Build.0 = Debug|Any CPU
		{BFAFC6DF-03E7-43CA-A535-CA8A92422466}.Debug|x64.ActiveCfg = Debug|Any CPU
		{BFAFC6DF-03E7-43CA-A535-CA8A92422466}.Debug|x64.Build.0 = Debug|Any CPU
		{BFAFC6DF-03E7-43CA-A535-CA8A92422466}.Debug|x86.ActiveCfg = Debug|Any CPU
		{BFAFC6DF-03E7-43CA-A535-CA8A92422466}.Debug|x86.Build.0 = Debug|Any CPU
		{BFAFC6DF-03E7-43CA-A535-CA8A92422466}.Release|Any CPU.ActiveCfg = Release|Any CPU
		{BFAFC6DF-03E7-43CA-A535-CA8A92422466}.Release|Any CPU.Build.0 = Release|Any CPU
		{BFAFC6DF-03E7-43CA-A535-CA8A92422466}.Release|ARM.ActiveCfg = Release|Any CPU
		{BFAFC6DF-03E7-43CA-A535-CA8A92422466}.Release|ARM.Build.0 = Release|Any CPU
		{BFAFC6DF-03E7-43CA-A535-CA8A92422466}.Release|ARM64.ActiveCfg = Release|Any CPU
		{BFAFC6DF-03E7-43CA-A535-CA8A92422466}.Release|ARM64.Build.0 = Release|Any CPU
		{BFAFC6DF-03E7-43CA-A535-CA8A92422466}.Release|x64.ActiveCfg = Release|Any CPU
		{BFAFC6DF-03E7-43CA-A535-CA8A92422466}.Release|x64.Build.0 = Release|Any CPU
		{BFAFC6DF-03E7-43CA-A535-CA8A92422466}.Release|x86.ActiveCfg = Release|Any CPU
		{BFAFC6DF-03E7-43CA-A535-CA8A92422466}.Release|x86.Build.0 = Release|Any CPU
		{B11EA922-AD45-4546-A510-ADCCC0720FD4}.Debug|Any CPU.ActiveCfg = Debug|Any CPU
		{B11EA922-AD45-4546-A510-ADCCC0720FD4}.Debug|Any CPU.Build.0 = Debug|Any CPU
		{B11EA922-AD45-4546-A510-ADCCC0720FD4}.Debug|ARM.ActiveCfg = Debug|Any CPU
		{B11EA922-AD45-4546-A510-ADCCC0720FD4}.Debug|ARM.Build.0 = Debug|Any CPU
		{B11EA922-AD45-4546-A510-ADCCC0720FD4}.Debug|ARM64.ActiveCfg = Debug|Any CPU
		{B11EA922-AD45-4546-A510-ADCCC0720FD4}.Debug|ARM64.Build.0 = Debug|Any CPU
		{B11EA922-AD45-4546-A510-ADCCC0720FD4}.Debug|x64.ActiveCfg = Debug|Any CPU
		{B11EA922-AD45-4546-A510-ADCCC0720FD4}.Debug|x64.Build.0 = Debug|Any CPU
		{B11EA922-AD45-4546-A510-ADCCC0720FD4}.Debug|x86.ActiveCfg = Debug|Any CPU
		{B11EA922-AD45-4546-A510-ADCCC0720FD4}.Debug|x86.Build.0 = Debug|Any CPU
		{B11EA922-AD45-4546-A510-ADCCC0720FD4}.Release|Any CPU.ActiveCfg = Release|Any CPU
		{B11EA922-AD45-4546-A510-ADCCC0720FD4}.Release|Any CPU.Build.0 = Release|Any CPU
		{B11EA922-AD45-4546-A510-ADCCC0720FD4}.Release|ARM.ActiveCfg = Release|Any CPU
		{B11EA922-AD45-4546-A510-ADCCC0720FD4}.Release|ARM.Build.0 = Release|Any CPU
		{B11EA922-AD45-4546-A510-ADCCC0720FD4}.Release|ARM64.ActiveCfg = Release|Any CPU
		{B11EA922-AD45-4546-A510-ADCCC0720FD4}.Release|ARM64.Build.0 = Release|Any CPU
		{B11EA922-AD45-4546-A510-ADCCC0720FD4}.Release|x64.ActiveCfg = Release|Any CPU
		{B11EA922-AD45-4546-A510-ADCCC0720FD4}.Release|x64.Build.0 = Release|Any CPU
		{B11EA922-AD45-4546-A510-ADCCC0720FD4}.Release|x86.ActiveCfg = Release|Any CPU
		{B11EA922-AD45-4546-A510-ADCCC0720FD4}.Release|x86.Build.0 = Release|Any CPU
		{C0B3BF96-EBF6-4F89-81A6-E5BC943D127F}.Debug|Any CPU.ActiveCfg = Debug|Any CPU
		{C0B3BF96-EBF6-4F89-81A6-E5BC943D127F}.Debug|Any CPU.Build.0 = Debug|Any CPU
		{C0B3BF96-EBF6-4F89-81A6-E5BC943D127F}.Debug|ARM.ActiveCfg = Debug|Any CPU
		{C0B3BF96-EBF6-4F89-81A6-E5BC943D127F}.Debug|ARM.Build.0 = Debug|Any CPU
		{C0B3BF96-EBF6-4F89-81A6-E5BC943D127F}.Debug|ARM64.ActiveCfg = Debug|Any CPU
		{C0B3BF96-EBF6-4F89-81A6-E5BC943D127F}.Debug|ARM64.Build.0 = Debug|Any CPU
		{C0B3BF96-EBF6-4F89-81A6-E5BC943D127F}.Debug|x64.ActiveCfg = Debug|Any CPU
		{C0B3BF96-EBF6-4F89-81A6-E5BC943D127F}.Debug|x64.Build.0 = Debug|Any CPU
		{C0B3BF96-EBF6-4F89-81A6-E5BC943D127F}.Debug|x86.ActiveCfg = Debug|Any CPU
		{C0B3BF96-EBF6-4F89-81A6-E5BC943D127F}.Debug|x86.Build.0 = Debug|Any CPU
		{C0B3BF96-EBF6-4F89-81A6-E5BC943D127F}.Release|Any CPU.ActiveCfg = Release|Any CPU
		{C0B3BF96-EBF6-4F89-81A6-E5BC943D127F}.Release|Any CPU.Build.0 = Release|Any CPU
		{C0B3BF96-EBF6-4F89-81A6-E5BC943D127F}.Release|ARM.ActiveCfg = Release|Any CPU
		{C0B3BF96-EBF6-4F89-81A6-E5BC943D127F}.Release|ARM.Build.0 = Release|Any CPU
		{C0B3BF96-EBF6-4F89-81A6-E5BC943D127F}.Release|ARM64.ActiveCfg = Release|Any CPU
		{C0B3BF96-EBF6-4F89-81A6-E5BC943D127F}.Release|ARM64.Build.0 = Release|Any CPU
		{C0B3BF96-EBF6-4F89-81A6-E5BC943D127F}.Release|x64.ActiveCfg = Release|Any CPU
		{C0B3BF96-EBF6-4F89-81A6-E5BC943D127F}.Release|x64.Build.0 = Release|Any CPU
		{C0B3BF96-EBF6-4F89-81A6-E5BC943D127F}.Release|x86.ActiveCfg = Release|Any CPU
		{C0B3BF96-EBF6-4F89-81A6-E5BC943D127F}.Release|x86.Build.0 = Release|Any CPU
		{DF17E0FC-F79C-4722-A8F8-E5324A967C8B}.Debug|Any CPU.ActiveCfg = Debug|Any CPU
		{DF17E0FC-F79C-4722-A8F8-E5324A967C8B}.Debug|Any CPU.Build.0 = Debug|Any CPU
		{DF17E0FC-F79C-4722-A8F8-E5324A967C8B}.Debug|ARM.ActiveCfg = Debug|Any CPU
		{DF17E0FC-F79C-4722-A8F8-E5324A967C8B}.Debug|ARM.Build.0 = Debug|Any CPU
		{DF17E0FC-F79C-4722-A8F8-E5324A967C8B}.Debug|ARM64.ActiveCfg = Debug|Any CPU
		{DF17E0FC-F79C-4722-A8F8-E5324A967C8B}.Debug|ARM64.Build.0 = Debug|Any CPU
		{DF17E0FC-F79C-4722-A8F8-E5324A967C8B}.Debug|x64.ActiveCfg = Debug|Any CPU
		{DF17E0FC-F79C-4722-A8F8-E5324A967C8B}.Debug|x64.Build.0 = Debug|Any CPU
		{DF17E0FC-F79C-4722-A8F8-E5324A967C8B}.Debug|x86.ActiveCfg = Debug|Any CPU
		{DF17E0FC-F79C-4722-A8F8-E5324A967C8B}.Debug|x86.Build.0 = Debug|Any CPU
		{DF17E0FC-F79C-4722-A8F8-E5324A967C8B}.Release|Any CPU.ActiveCfg = Release|Any CPU
		{DF17E0FC-F79C-4722-A8F8-E5324A967C8B}.Release|Any CPU.Build.0 = Release|Any CPU
		{DF17E0FC-F79C-4722-A8F8-E5324A967C8B}.Release|ARM.ActiveCfg = Release|Any CPU
		{DF17E0FC-F79C-4722-A8F8-E5324A967C8B}.Release|ARM.Build.0 = Release|Any CPU
		{DF17E0FC-F79C-4722-A8F8-E5324A967C8B}.Release|ARM64.ActiveCfg = Release|Any CPU
		{DF17E0FC-F79C-4722-A8F8-E5324A967C8B}.Release|ARM64.Build.0 = Release|Any CPU
		{DF17E0FC-F79C-4722-A8F8-E5324A967C8B}.Release|x64.ActiveCfg = Release|Any CPU
		{DF17E0FC-F79C-4722-A8F8-E5324A967C8B}.Release|x64.Build.0 = Release|Any CPU
		{DF17E0FC-F79C-4722-A8F8-E5324A967C8B}.Release|x86.ActiveCfg = Release|Any CPU
		{DF17E0FC-F79C-4722-A8F8-E5324A967C8B}.Release|x86.Build.0 = Release|Any CPU
	EndGlobalSection
	GlobalSection(SolutionProperties) = preSolution
		HideSolutionNode = FALSE
	EndGlobalSection
	GlobalSection(NestedProjects) = preSolution
		{C9C35334-F950-41DF-8EC1-66A556418673} = {9C4E4F98-5D5C-46BE-BE36-DA1A6B0BF203}
		{1460917F-CF9C-4FFD-801A-897F8F224E97} = {9C4E4F98-5D5C-46BE-BE36-DA1A6B0BF203}
		{DDF093D3-2242-4A43-99E6-CBC9A56A4376} = {9C4E4F98-5D5C-46BE-BE36-DA1A6B0BF203}
		{BFAFC6DF-03E7-43CA-A535-CA8A92422466} = {9C4E4F98-5D5C-46BE-BE36-DA1A6B0BF203}
		{B11EA922-AD45-4546-A510-ADCCC0720FD4} = {9C4E4F98-5D5C-46BE-BE36-DA1A6B0BF203}
		{C0B3BF96-EBF6-4F89-81A6-E5BC943D127F} = {9C4E4F98-5D5C-46BE-BE36-DA1A6B0BF203}
	EndGlobalSection
	GlobalSection(ExtensibilityGlobals) = postSolution
		SolutionGuid = {3548231F-9284-4D5D-BC72-96E913DED3B7}
	EndGlobalSection
EndGlobal
